
Microsoft Visual Studio Solution File, Format Version 12.00
# Visual Studio Version 17
VisualStudioVersion = 17.7.34024.191
MinimumVisualStudioVersion = 10.0.40219.1
Project("{FAE04EC0-301F-11D3-BF4B-00C04F79EFBC}") = "Linq", "Linq\Linq.csproj", "{48A0914D-0B5E-4EA7-BC9C-78F39BF12F78}"
EndProject
Global
	GlobalSection(SolutionConfigurationPlatforms) = preSolution
		Debug|Any CPU = Debug|Any CPU
		Release|Any CPU = Release|Any CPU
	EndGlobalSection
	GlobalSection(ProjectConfigurationPlatforms) = postSolution
		{48A0914D-0B5E-4EA7-BC9C-78F39BF12F78}.Debug|Any CPU.ActiveCfg = Debug|Any CPU
		{48A0914D-0B5E-4EA7-BC9C-78F39BF12F78}.Debug|Any CPU.Build.0 = Debug|Any CPU
		{48A0914D-0B5E-4EA7-BC9C-78F39BF12F78}.Release|Any CPU.ActiveCfg = Release|Any CPU
		{48A0914D-0B5E-4EA7-BC9C-78F39BF12F78}.Release|Any CPU.Build.0 = Release|Any CPU
	EndGlobalSection
	GlobalSection(SolutionProperties) = preSolution
		HideSolutionNode = FALSE
	EndGlobalSection
	GlobalSection(ExtensibilityGlobals) = postSolution
		SolutionGuid = {7A6D55D7-9798-4C06-B53A-FBE50DDF8603}
	EndGlobalSection
EndGlobal
